{
  "version": 4,
  "terraform_version": "1.5.5",
  "serial": 39,
  "lineage": "419885d2-0b07-c2f2-33fa-6c6965816415",
  "outputs": {},
  "resources": [
    {
      "mode": "managed",
      "type": "azurerm_data_factory",
      "name": "data_factory",
      "provider": "provider[\"registry.terraform.io/hashicorp/azurerm\"]",
      "instances": [
        {
          "schema_version": 2,
          "attributes": {
            "customer_managed_key_id": "",
            "customer_managed_key_identity_id": "",
            "github_configuration": [],
            "global_parameter": [],
            "id": "/subscriptions/b779ae05-e2b8-48c7-918c-71d70b38134b/resourceGroups/rg-terra-test/providers/Microsoft.DataFactory/factories/adfterra02test",
            "identity": [],
            "location": "eastus",
            "managed_virtual_network_enabled": false,
            "name": "adfterra02test",
            "public_network_enabled": true,
            "purview_id": "",
            "resource_group_name": "rg-terra-test",
            "tags": null,
            "timeouts": null,
            "vsts_configuration": []
          },
          "sensitive_attributes": [],
          "private": "eyJlMmJmYjczMC1lY2FhLTExZTYtOGY4OC0zNDM2M2JjN2M0YzAiOnsiY3JlYXRlIjoxODAwMDAwMDAwMDAwLCJkZWxldGUiOjE4MDAwMDAwMDAwMDAsInJlYWQiOjMwMDAwMDAwMDAwMCwidXBkYXRlIjoxODAwMDAwMDAwMDAwfSwic2NoZW1hX3ZlcnNpb24iOiIyIn0=",
          "dependencies": [
            "azurerm_resource_group.resource_group"
          ]
        }
      ]
    },
    {
      "mode": "managed",
      "type": "azurerm_data_factory_linked_service_azure_blob_storage",
      "name": "adf_ls_blob",
      "provider": "provider[\"registry.terraform.io/hashicorp/azurerm\"]",
      "instances": [
        {
          "schema_version": 0,
          "attributes": {
            "additional_properties": null,
            "annotations": null,
            "connection_string": "DefaultEndpointsProtocol=https;AccountName=blob02terra0test;AccountKey=pVq0kl2ywbpZkYy6i/reJb259fhHwd7CjuWn8OTIpaxZkmw2J/wTH/u4BYqEKMEIN2eyQo7HlUGw+AStHFwQSg==;EndpointSuffix=core.windows.net",
            "connection_string_insecure": null,
            "data_factory_id": "/subscriptions/b779ae05-e2b8-48c7-918c-71d70b38134b/resourceGroups/rg-terra-test/providers/Microsoft.DataFactory/factories/adfterra02test",
            "description": "",
            "id": "/subscriptions/b779ae05-e2b8-48c7-918c-71d70b38134b/resourceGroups/rg-terra-test/providers/Microsoft.DataFactory/factories/adfterra02test/linkedservices/LS-BLOB-ADF",
            "integration_runtime_name": null,
            "key_vault_sas_token": [],
            "name": "LS-BLOB-ADF",
            "parameters": null,
            "sas_uri": null,
            "service_endpoint": null,
            "service_principal_id": "",
            "service_principal_key": null,
            "service_principal_linked_key_vault_key": [],
            "storage_kind": "",
            "tenant_id": "",
            "timeouts": null,
            "use_managed_identity": false
          },
          "sensitive_attributes": [
            [
              {
                "type": "get_attr",
                "value": "connection_string"
              }
            ]
          ],
          "private": "eyJlMmJmYjczMC1lY2FhLTExZTYtOGY4OC0zNDM2M2JjN2M0YzAiOnsiY3JlYXRlIjoxODAwMDAwMDAwMDAwLCJkZWxldGUiOjE4MDAwMDAwMDAwMDAsInJlYWQiOjMwMDAwMDAwMDAwMCwidXBkYXRlIjoxODAwMDAwMDAwMDAwfX0=",
          "dependencies": [
            "azurerm_data_factory.data_factory",
            "azurerm_resource_group.resource_group",
            "azurerm_storage_account.storage_account"
          ]
        }
      ]
    },
    {
      "mode": "managed",
      "type": "azurerm_resource_group",
      "name": "resource_group",
      "provider": "provider[\"registry.terraform.io/hashicorp/azurerm\"]",
      "instances": [
        {
          "schema_version": 0,
          "attributes": {
            "id": "/subscriptions/b779ae05-e2b8-48c7-918c-71d70b38134b/resourceGroups/rg-terra-test",
            "location": "eastus",
            "managed_by": "",
            "name": "rg-terra-test",
            "tags": {},
            "timeouts": null
          },
          "sensitive_attributes": [],
          "private": "eyJlMmJmYjczMC1lY2FhLTExZTYtOGY4OC0zNDM2M2JjN2M0YzAiOnsiY3JlYXRlIjo1NDAwMDAwMDAwMDAwLCJkZWxldGUiOjU0MDAwMDAwMDAwMDAsInJlYWQiOjMwMDAwMDAwMDAwMCwidXBkYXRlIjo1NDAwMDAwMDAwMDAwfX0="
        }
      ]
    },
    {
      "mode": "managed",
      "type": "azurerm_storage_account",
      "name": "storage_account",
      "provider": "provider[\"registry.terraform.io/hashicorp/azurerm\"]",
      "instances": [
        {
          "schema_version": 4,
          "attributes": {
            "access_tier": "Hot",
            "account_kind": "StorageV2",
            "account_replication_type": "LRS",
            "account_tier": "Standard",
            "allow_nested_items_to_be_public": true,
            "allowed_copy_scope": "",
            "azure_files_authentication": [],
            "blob_properties": [
              {
                "change_feed_enabled": false,
                "change_feed_retention_in_days": 0,
                "container_delete_retention_policy": [],
                "cors_rule": [],
                "default_service_version": "",
                "delete_retention_policy": [],
                "last_access_time_enabled": false,
                "restore_policy": [],
                "versioning_enabled": false
              }
            ],
            "cross_tenant_replication_enabled": true,
            "custom_domain": [],
            "customer_managed_key": [],
            "default_to_oauth_authentication": false,
            "edge_zone": "",
            "enable_https_traffic_only": true,
            "id": "/subscriptions/b779ae05-e2b8-48c7-918c-71d70b38134b/resourceGroups/rg-terra-test/providers/Microsoft.Storage/storageAccounts/blob02terra0test",
            "identity": [],
            "immutability_policy": [],
            "infrastructure_encryption_enabled": false,
            "is_hns_enabled": true,
            "large_file_share_enabled": null,
            "location": "eastus",
            "min_tls_version": "TLS1_2",
            "name": "blob02terra0test",
            "network_rules": [
              {
                "bypass": [
                  "AzureServices"
                ],
                "default_action": "Allow",
                "ip_rules": [],
                "private_link_access": [],
                "virtual_network_subnet_ids": []
              }
            ],
            "nfsv3_enabled": false,
            "primary_access_key": "pVq0kl2ywbpZkYy6i/reJb259fhHwd7CjuWn8OTIpaxZkmw2J/wTH/u4BYqEKMEIN2eyQo7HlUGw+AStHFwQSg==",
            "primary_blob_connection_string": "DefaultEndpointsProtocol=https;BlobEndpoint=https://blob02terra0test.blob.core.windows.net/;AccountName=blob02terra0test;AccountKey=pVq0kl2ywbpZkYy6i/reJb259fhHwd7CjuWn8OTIpaxZkmw2J/wTH/u4BYqEKMEIN2eyQo7HlUGw+AStHFwQSg==",
            "primary_blob_endpoint": "https://blob02terra0test.blob.core.windows.net/",
            "primary_blob_host": "blob02terra0test.blob.core.windows.net",
            "primary_connection_string": "DefaultEndpointsProtocol=https;AccountName=blob02terra0test;AccountKey=pVq0kl2ywbpZkYy6i/reJb259fhHwd7CjuWn8OTIpaxZkmw2J/wTH/u4BYqEKMEIN2eyQo7HlUGw+AStHFwQSg==;EndpointSuffix=core.windows.net",
            "primary_dfs_endpoint": "https://blob02terra0test.dfs.core.windows.net/",
            "primary_dfs_host": "blob02terra0test.dfs.core.windows.net",
            "primary_file_endpoint": "https://blob02terra0test.file.core.windows.net/",
            "primary_file_host": "blob02terra0test.file.core.windows.net",
            "primary_location": "eastus",
            "primary_queue_endpoint": "https://blob02terra0test.queue.core.windows.net/",
            "primary_queue_host": "blob02terra0test.queue.core.windows.net",
            "primary_table_endpoint": "https://blob02terra0test.table.core.windows.net/",
            "primary_table_host": "blob02terra0test.table.core.windows.net",
            "primary_web_endpoint": "https://blob02terra0test.z13.web.core.windows.net/",
            "primary_web_host": "blob02terra0test.z13.web.core.windows.net",
            "public_network_access_enabled": true,
            "queue_encryption_key_type": "Service",
            "queue_properties": [
              {
                "cors_rule": [],
                "hour_metrics": [
                  {
                    "enabled": true,
                    "include_apis": true,
                    "retention_policy_days": 7,
                    "version": "1.0"
                  }
                ],
                "logging": [
                  {
                    "delete": false,
                    "read": false,
                    "retention_policy_days": 0,
                    "version": "1.0",
                    "write": false
                  }
                ],
                "minute_metrics": [
                  {
                    "enabled": false,
                    "include_apis": false,
                    "retention_policy_days": 0,
                    "version": "1.0"
                  }
                ]
              }
            ],
            "resource_group_name": "rg-terra-test",
            "routing": [],
            "sas_policy": [],
            "secondary_access_key": "pLS6Pmfhz+m2o2gMa4OQn98A4gqFjYPtnYUGHIZO0O5VuwH7v3GbZF3jE2K/vKBHtIXsDqgIKuso+AStmCRYMA==",
            "secondary_blob_connection_string": "",
            "secondary_blob_endpoint": null,
            "secondary_blob_host": null,
            "secondary_connection_string": "DefaultEndpointsProtocol=https;AccountName=blob02terra0test;AccountKey=pLS6Pmfhz+m2o2gMa4OQn98A4gqFjYPtnYUGHIZO0O5VuwH7v3GbZF3jE2K/vKBHtIXsDqgIKuso+AStmCRYMA==;EndpointSuffix=core.windows.net",
            "secondary_dfs_endpoint": null,
            "secondary_dfs_host": null,
            "secondary_file_endpoint": null,
            "secondary_file_host": null,
            "secondary_location": "",
            "secondary_queue_endpoint": null,
            "secondary_queue_host": null,
            "secondary_table_endpoint": null,
            "secondary_table_host": null,
            "secondary_web_endpoint": null,
            "secondary_web_host": null,
            "sftp_enabled": false,
            "share_properties": [
              {
                "cors_rule": [],
                "retention_policy": [
                  {
                    "days": 7
                  }
                ],
                "smb": []
              }
            ],
            "shared_access_key_enabled": true,
            "static_website": [],
            "table_encryption_key_type": "Service",
            "tags": {},
            "timeouts": null
          },
          "sensitive_attributes": [],
          "private": "eyJlMmJmYjczMC1lY2FhLTExZTYtOGY4OC0zNDM2M2JjN2M0YzAiOnsiY3JlYXRlIjozNjAwMDAwMDAwMDAwLCJkZWxldGUiOjM2MDAwMDAwMDAwMDAsInJlYWQiOjMwMDAwMDAwMDAwMCwidXBkYXRlIjozNjAwMDAwMDAwMDAwfSwic2NoZW1hX3ZlcnNpb24iOiI0In0=",
          "dependencies": [
            "azurerm_resource_group.resource_group"
          ]
        }
      ]
    },
    {
      "mode": "managed",
      "type": "azurerm_storage_container",
      "name": "storage_container",
      "provider": "provider[\"registry.terraform.io/hashicorp/azurerm\"]",
      "instances": [
        {
          "schema_version": 1,
          "attributes": {
            "container_access_type": "private",
            "has_immutability_policy": false,
            "has_legal_hold": false,
            "id": "https://blob02terra0test.blob.core.windows.net/bronzelayer",
            "metadata": {},
            "name": "bronzelayer",
            "resource_manager_id": "/subscriptions/b779ae05-e2b8-48c7-918c-71d70b38134b/resourceGroups/rg-terra-test/providers/Microsoft.Storage/storageAccounts/blob02terra0test/blobServices/default/containers/bronzelayer",
            "storage_account_name": "blob02terra0test",
            "timeouts": null
          },
          "sensitive_attributes": [],
          "private": "eyJlMmJmYjczMC1lY2FhLTExZTYtOGY4OC0zNDM2M2JjN2M0YzAiOnsiY3JlYXRlIjoxODAwMDAwMDAwMDAwLCJkZWxldGUiOjE4MDAwMDAwMDAwMDAsInJlYWQiOjMwMDAwMDAwMDAwMCwidXBkYXRlIjoxODAwMDAwMDAwMDAwfSwic2NoZW1hX3ZlcnNpb24iOiIxIn0=",
          "dependencies": [
            "azurerm_resource_group.resource_group",
            "azurerm_storage_account.storage_account"
          ]
        }
      ]
    },
    {
      "mode": "managed",
      "type": "azurerm_storage_data_lake_gen2_filesystem",
      "name": "terraform_file_System",
      "provider": "provider[\"registry.terraform.io/hashicorp/azurerm\"]",
      "instances": [
        {
          "schema_version": 0,
          "attributes": {
            "ace": [
              {
                "id": "",
                "permissions": "---",
                "scope": "access",
                "type": "other"
              },
              {
                "id": "",
                "permissions": "r-x",
                "scope": "access",
                "type": "group"
              },
              {
                "id": "",
                "permissions": "rwx",
                "scope": "access",
                "type": "user"
              }
            ],
            "group": "b6767212-57f6-4e1d-8c47-d45456dd3668",
            "id": "https://blob02terra0test.dfs.core.windows.net/filesystem",
            "name": "filesystem",
            "owner": "b6767212-57f6-4e1d-8c47-d45456dd3668",
            "properties": {},
            "storage_account_id": "/subscriptions/b779ae05-e2b8-48c7-918c-71d70b38134b/resourceGroups/rg-terra-test/providers/Microsoft.Storage/storageAccounts/blob02terra0test",
            "timeouts": null
          },
          "sensitive_attributes": [],
          "private": "eyJlMmJmYjczMC1lY2FhLTExZTYtOGY4OC0zNDM2M2JjN2M0YzAiOnsiY3JlYXRlIjoxODAwMDAwMDAwMDAwLCJkZWxldGUiOjE4MDAwMDAwMDAwMDAsInJlYWQiOjMwMDAwMDAwMDAwMCwidXBkYXRlIjoxODAwMDAwMDAwMDAwfX0=",
          "dependencies": [
            "azurerm_resource_group.resource_group",
            "azurerm_storage_account.storage_account"
          ]
        }
      ]
    },
    {
      "mode": "managed",
      "type": "azurerm_synapse_firewall_rule",
      "name": "firewall_rule",
      "provider": "provider[\"registry.terraform.io/hashicorp/azurerm\"]",
      "instances": [
        {
          "schema_version": 0,
          "attributes": {
            "end_ip_address": "255.255.255.255",
            "id": "/subscriptions/b779ae05-e2b8-48c7-918c-71d70b38134b/resourceGroups/rg-terra-test/providers/Microsoft.Synapse/workspaces/synterratest02/firewallRules/AllowAll",
            "name": "AllowAll",
            "start_ip_address": "0.0.0.0",
            "synapse_workspace_id": "/subscriptions/b779ae05-e2b8-48c7-918c-71d70b38134b/resourceGroups/rg-terra-test/providers/Microsoft.Synapse/workspaces/synterratest02",
            "timeouts": null
          },
          "sensitive_attributes": [],
          "private": "eyJlMmJmYjczMC1lY2FhLTExZTYtOGY4OC0zNDM2M2JjN2M0YzAiOnsiY3JlYXRlIjoxODAwMDAwMDAwMDAwLCJkZWxldGUiOjE4MDAwMDAwMDAwMDAsInJlYWQiOjMwMDAwMDAwMDAwMCwidXBkYXRlIjoxODAwMDAwMDAwMDAwfX0=",
          "dependencies": [
            "azurerm_resource_group.resource_group",
            "azurerm_storage_account.storage_account",
            "azurerm_storage_data_lake_gen2_filesystem.terraform_file_System",
            "azurerm_synapse_workspace.synapse_workspace"
          ]
        }
      ]
    },
    {
      "mode": "managed",
      "type": "azurerm_synapse_linked_service",
      "name": "linked_service",
      "provider": "provider[\"registry.terraform.io/hashicorp/azurerm\"]",
      "instances": [
        {
          "schema_version": 1,
          "attributes": {
            "additional_properties": {},
            "annotations": [],
            "description": "",
            "id": "/subscriptions/b779ae05-e2b8-48c7-918c-71d70b38134b/resourceGroups/rg-terra-test/providers/Microsoft.Synapse/workspaces/synterratest02/linkedServices/LS_AZURE_BLOB",
            "integration_runtime": [],
            "name": "LS_AZURE_BLOB",
            "parameters": {},
            "synapse_workspace_id": "/subscriptions/b779ae05-e2b8-48c7-918c-71d70b38134b/resourceGroups/rg-terra-test/providers/Microsoft.Synapse/workspaces/synterratest02",
            "timeouts": null,
            "type": "AzureBlobStorage",
            "type_properties_json": "{\"connectionString\":\"DefaultEndpointsProtocol=https;AccountName=blob02terra0test;AccountKey=pVq0kl2ywbpZkYy6i/reJb259fhHwd7CjuWn8OTIpaxZkmw2J/wTH/u4BYqEKMEIN2eyQo7HlUGw+AStHFwQSg==;EndpointSuffix=core.windows.net\"}"
          },
          "sensitive_attributes": [
            [
              {
                "type": "get_attr",
                "value": "type_properties_json"
              }
            ]
          ],
          "private": "eyJlMmJmYjczMC1lY2FhLTExZTYtOGY4OC0zNDM2M2JjN2M0YzAiOnsiY3JlYXRlIjoxODAwMDAwMDAwMDAwLCJkZWxldGUiOjE4MDAwMDAwMDAwMDAsInJlYWQiOjMwMDAwMDAwMDAwMCwidXBkYXRlIjoxODAwMDAwMDAwMDAwfSwic2NoZW1hX3ZlcnNpb24iOiIxIn0=",
          "dependencies": [
            "azurerm_resource_group.resource_group",
            "azurerm_storage_account.storage_account",
            "azurerm_storage_data_lake_gen2_filesystem.terraform_file_System",
            "azurerm_synapse_firewall_rule.firewall_rule",
            "azurerm_synapse_workspace.synapse_workspace"
          ]
        }
      ]
    },
    {
      "mode": "managed",
      "type": "azurerm_synapse_role_assignment",
      "name": "role_assignment",
      "provider": "provider[\"registry.terraform.io/hashicorp/azurerm\"]",
      "instances": [
        {
          "schema_version": 1,
          "attributes": {
            "id": "/subscriptions/b779ae05-e2b8-48c7-918c-71d70b38134b/resourceGroups/rg-terra-test/providers/Microsoft.Synapse/workspaces/synterratest02|f7f18583-bc7f-fa0e-ea6e-e6d015aabf29",
            "principal_id": "32d61dfe-af50-4b3a-a88c-72ac592e5d77",
            "role_name": "Synapse Administrator",
            "synapse_spark_pool_id": "",
            "synapse_workspace_id": "/subscriptions/b779ae05-e2b8-48c7-918c-71d70b38134b/resourceGroups/rg-terra-test/providers/Microsoft.Synapse/workspaces/synterratest02",
            "timeouts": null
          },
          "sensitive_attributes": [],
          "private": "eyJlMmJmYjczMC1lY2FhLTExZTYtOGY4OC0zNDM2M2JjN2M0YzAiOnsiY3JlYXRlIjoxODAwMDAwMDAwMDAwLCJkZWxldGUiOjE4MDAwMDAwMDAwMDAsInJlYWQiOjMwMDAwMDAwMDAwMH0sInNjaGVtYV92ZXJzaW9uIjoiMSJ9",
          "dependencies": [
            "azurerm_resource_group.resource_group",
            "azurerm_storage_account.storage_account",
            "azurerm_storage_data_lake_gen2_filesystem.terraform_file_System",
            "azurerm_synapse_firewall_rule.firewall_rule",
            "azurerm_synapse_workspace.synapse_workspace"
          ]
        }
      ]
    },
    {
      "mode": "managed",
      "type": "azurerm_synapse_workspace",
      "name": "synapse_workspace",
      "provider": "provider[\"registry.terraform.io/hashicorp/azurerm\"]",
      "instances": [
        {
          "schema_version": 0,
          "attributes": {
            "aad_admin": [
              {
                "login": "AzureAD Admin",
                "object_id": "32d61dfe-af50-4b3a-a88c-72ac592e5d77",
                "tenant_id": "2f4a9838-26b7-47ee-be60-ccc1fdec5953"
              }
            ],
            "azure_devops_repo": [],
            "compute_subnet_id": null,
            "connectivity_endpoints": {
              "dev": "https://synterratest02.dev.azuresynapse.net",
              "sql": "synterratest02.sql.azuresynapse.net",
              "sqlOnDemand": "synterratest02-ondemand.sql.azuresynapse.net",
              "web": "https://web.azuresynapse.net?workspace=%2fsubscriptions%2fb779ae05-e2b8-48c7-918c-71d70b38134b%2fresourceGroups%2frg-terra-test%2fproviders%2fMicrosoft.Synapse%2fworkspaces%2fsynterratest02"
            },
            "customer_managed_key": [],
            "data_exfiltration_protection_enabled": null,
            "github_repo": [],
            "id": "/subscriptions/b779ae05-e2b8-48c7-918c-71d70b38134b/resourceGroups/rg-terra-test/providers/Microsoft.Synapse/workspaces/synterratest02",
            "identity": [
              {
                "identity_ids": [],
                "principal_id": "0fd668c6-de2c-4841-9e17-73d594db746d",
                "tenant_id": "fda58d33-7098-40bb-8d52-891d51bb65e0",
                "type": "SystemAssigned"
              }
            ],
            "linking_allowed_for_aad_tenant_ids": null,
            "location": "eastus",
            "managed_resource_group_name": "synapseworkspace-managedrg-a9333c95-acdd-4374-83fe-45401e64ad71",
            "managed_virtual_network_enabled": false,
            "name": "synterratest02",
            "public_network_access_enabled": true,
            "purview_id": null,
            "resource_group_name": "rg-terra-test",
            "sql_aad_admin": [
              {
                "login": "AzureAD Admin",
                "object_id": "32d61dfe-af50-4b3a-a88c-72ac592e5d77",
                "tenant_id": "2f4a9838-26b7-47ee-be60-ccc1fdec5953"
              }
            ],
            "sql_administrator_login": "sqladminuser",
            "sql_administrator_login_password": "Orion@360",
            "sql_identity_control_enabled": false,
            "storage_data_lake_gen2_filesystem_id": "https://blob02terra0test.dfs.core.windows.net/filesystem",
            "tags": {},
            "timeouts": null
          },
          "sensitive_attributes": [],
          "private": "eyJlMmJmYjczMC1lY2FhLTExZTYtOGY4OC0zNDM2M2JjN2M0YzAiOnsiY3JlYXRlIjoxODAwMDAwMDAwMDAwLCJkZWxldGUiOjE4MDAwMDAwMDAwMDAsInJlYWQiOjMwMDAwMDAwMDAwMCwidXBkYXRlIjoxODAwMDAwMDAwMDAwfX0=",
          "dependencies": [
            "azurerm_resource_group.resource_group",
            "azurerm_storage_account.storage_account",
            "azurerm_storage_data_lake_gen2_filesystem.terraform_file_System"
          ]
        }
      ]
    }
  ],
  "check_results": null
}
